
Microsoft Visual Studio Solution File, Format Version 11.00
# Visual Studio 2010
Project("{FAE04EC0-301F-11D3-BF4B-00C04F79EFBC}") = "Butcher", "Butcher\Butcher.csproj", "{004453E6-16DF-4A0D-B6A7-DEFC9FFDE364}"
EndProject
Global
	GlobalSection(SolutionConfigurationPlatforms) = preSolution
		Debug|x86 = Debug|x86
		Release|x86 = Release|x86
	EndGlobalSection
	GlobalSection(ProjectConfigurationPlatforms) = postSolution
		{004453E6-16DF-4A0D-B6A7-DEFC9FFDE364}.Debug|x86.ActiveCfg = Debug|x86
		{004453E6-16DF-4A0D-B6A7-DEFC9FFDE364}.Debug|x86.Build.0 = Debug|x86
		{004453E6-16DF-4A0D-B6A7-DEFC9FFDE364}.Release|x86.ActiveCfg = Release|x86
		{004453E6-16DF-4A0D-B6A7-DEFC9FFDE364}.Release|x86.Build.0 = Release|x86
	EndGlobalSection
	GlobalSection(SolutionProperties) = preSolution
		HideSolutionNode = FALSE
	EndGlobalSection
EndGlobal
